
Microsoft Visual Studio Solution File, Format Version 12.00
# Visual Studio 15
VisualStudioVersion = 15.0.26124.0
MinimumVisualStudioVersion = 15.0.26124.0
Project("{9A19103F-16F7-4668-BE54-9A1E7A4F7556}") = "core", "src\core\core.csproj", "{0F36C50C-E0C7-4E0B-B5C2-298DEC44EFF5}"
EndProject
Project("{9A19103F-16F7-4668-BE54-9A1E7A4F7556}") = "engineApp", "src\engineApp\engineApp.csproj", "{46B9B79F-96C4-4400-92B7-C301DE820004}"
EndProject
Project("{9A19103F-16F7-4668-BE54-9A1E7A4F7556}") = "streamer", "src\streamer\streamer.csproj", "{81B27981-D612-4CFB-88B8-1DF5D6FD39EB}"
EndProject
Project("{2150E333-8FDC-42A3-9474-1A3956D46DE8}") = "test", "test", "{30630239-2431-4ACE-90A4-2DFD73FFB08F}"
EndProject
Project("{9A19103F-16F7-4668-BE54-9A1E7A4F7556}") = "engineApp.Tests", "test\engineApp.Tests\engineApp.Tests.csproj", "{882FAE6E-E133-4741-AA1D-6E8AB0FF7C6D}"
EndProject
Project("{9A19103F-16F7-4668-BE54-9A1E7A4F7556}") = "streamer.Tests", "test\streamer.Tests\streamer.Tests.csproj", "{CBADDEC3-A42C-4BB0-96A2-1EB7EB4BAFEC}"
EndProject
Project("{2150E333-8FDC-42A3-9474-1A3956D46DE8}") = ".build", ".build", "{55F97952-2BB1-4069-AD3E-DFBCF9E5F1D7}"
EndProject
Project("{2150E333-8FDC-42A3-9474-1A3956D46DE8}") = "docker", "docker", "{3A52233C-B00C-4589-A1DA-F0215BBD957A}"
EndProject
Project("{2150E333-8FDC-42A3-9474-1A3956D46DE8}") = "engineApp", "engineApp", "{689DC347-B079-4E99-B17D-60040D673A69}"
	ProjectSection(SolutionItems) = preProject
		build\docker\engineApp\Dockerfile = build\docker\engineApp\Dockerfile
	EndProjectSection
EndProject
Project("{2150E333-8FDC-42A3-9474-1A3956D46DE8}") = "streamer", "streamer", "{FF56CB56-4FEB-4769-92CB-87CC3F905701}"
	ProjectSection(SolutionItems) = preProject
		build\docker\streamer\Dockerfile = build\docker\streamer\Dockerfile
	EndProjectSection
EndProject
Global
	GlobalSection(SolutionConfigurationPlatforms) = preSolution
		Debug|Any CPU = Debug|Any CPU
		Debug|x64 = Debug|x64
		Debug|x86 = Debug|x86
		Release|Any CPU = Release|Any CPU
		Release|x64 = Release|x64
		Release|x86 = Release|x86
	EndGlobalSection
	GlobalSection(ProjectConfigurationPlatforms) = postSolution
		{0F36C50C-E0C7-4E0B-B5C2-298DEC44EFF5}.Debug|Any CPU.ActiveCfg = Debug|Any CPU
		{0F36C50C-E0C7-4E0B-B5C2-298DEC44EFF5}.Debug|Any CPU.Build.0 = Debug|Any CPU
		{0F36C50C-E0C7-4E0B-B5C2-298DEC44EFF5}.Debug|x64.ActiveCfg = Debug|Any CPU
		{0F36C50C-E0C7-4E0B-B5C2-298DEC44EFF5}.Debug|x64.Build.0 = Debug|Any CPU
		{0F36C50C-E0C7-4E0B-B5C2-298DEC44EFF5}.Debug|x86.ActiveCfg = Debug|Any CPU
		{0F36C50C-E0C7-4E0B-B5C2-298DEC44EFF5}.Debug|x86.Build.0 = Debug|Any CPU
		{0F36C50C-E0C7-4E0B-B5C2-298DEC44EFF5}.Release|Any CPU.ActiveCfg = Release|Any CPU
		{0F36C50C-E0C7-4E0B-B5C2-298DEC44EFF5}.Release|Any CPU.Build.0 = Release|Any CPU
		{0F36C50C-E0C7-4E0B-B5C2-298DEC44EFF5}.Release|x64.ActiveCfg = Release|Any CPU
		{0F36C50C-E0C7-4E0B-B5C2-298DEC44EFF5}.Release|x64.Build.0 = Release|Any CPU
		{0F36C50C-E0C7-4E0B-B5C2-298DEC44EFF5}.Release|x86.ActiveCfg = Release|Any CPU
		{0F36C50C-E0C7-4E0B-B5C2-298DEC44EFF5}.Release|x86.Build.0 = Release|Any CPU
		{46B9B79F-96C4-4400-92B7-C301DE820004}.Debug|Any CPU.ActiveCfg = Debug|Any CPU
		{46B9B79F-96C4-4400-92B7-C301DE820004}.Debug|Any CPU.Build.0 = Debug|Any CPU
		{46B9B79F-96C4-4400-92B7-C301DE820004}.Debug|x64.ActiveCfg = Debug|Any CPU
		{46B9B79F-96C4-4400-92B7-C301DE820004}.Debug|x64.Build.0 = Debug|Any CPU
		{46B9B79F-96C4-4400-92B7-C301DE820004}.Debug|x86.ActiveCfg = Debug|Any CPU
		{46B9B79F-96C4-4400-92B7-C301DE820004}.Debug|x86.Build.0 = Debug|Any CPU
		{46B9B79F-96C4-4400-92B7-C301DE820004}.Release|Any CPU.ActiveCfg = Release|Any CPU
		{46B9B79F-96C4-4400-92B7-C301DE820004}.Release|Any CPU.Build.0 = Release|Any CPU
		{46B9B79F-96C4-4400-92B7-C301DE820004}.Release|x64.ActiveCfg = Release|Any CPU
		{46B9B79F-96C4-4400-92B7-C301DE820004}.Release|x64.Build.0 = Release|Any CPU
		{46B9B79F-96C4-4400-92B7-C301DE820004}.Release|x86.ActiveCfg = Release|Any CPU
		{46B9B79F-96C4-4400-92B7-C301DE820004}.Release|x86.Build.0 = Release|Any CPU
		{81B27981-D612-4CFB-88B8-1DF5D6FD39EB}.Debug|Any CPU.ActiveCfg = Debug|Any CPU
		{81B27981-D612-4CFB-88B8-1DF5D6FD39EB}.Debug|Any CPU.Build.0 = Debug|Any CPU
		{81B27981-D612-4CFB-88B8-1DF5D6FD39EB}.Debug|x64.ActiveCfg = Debug|Any CPU
		{81B27981-D612-4CFB-88B8-1DF5D6FD39EB}.Debug|x64.Build.0 = Debug|Any CPU
		{81B27981-D612-4CFB-88B8-1DF5D6FD39EB}.Debug|x86.ActiveCfg = Debug|Any CPU
		{81B27981-D612-4CFB-88B8-1DF5D6FD39EB}.Debug|x86.Build.0 = Debug|Any CPU
		{81B27981-D612-4CFB-88B8-1DF5D6FD39EB}.Release|Any CPU.ActiveCfg = Release|Any CPU
		{81B27981-D612-4CFB-88B8-1DF5D6FD39EB}.Release|Any CPU.Build.0 = Release|Any CPU
		{81B27981-D612-4CFB-88B8-1DF5D6FD39EB}.Release|x64.ActiveCfg = Release|Any CPU
		{81B27981-D612-4CFB-88B8-1DF5D6FD39EB}.Release|x64.Build.0 = Release|Any CPU
		{81B27981-D612-4CFB-88B8-1DF5D6FD39EB}.Release|x86.ActiveCfg = Release|Any CPU
		{81B27981-D612-4CFB-88B8-1DF5D6FD39EB}.Release|x86.Build.0 = Release|Any CPU
		{882FAE6E-E133-4741-AA1D-6E8AB0FF7C6D}.Debug|Any CPU.ActiveCfg = Debug|Any CPU
		{882FAE6E-E133-4741-AA1D-6E8AB0FF7C6D}.Debug|Any CPU.Build.0 = Debug|Any CPU
		{882FAE6E-E133-4741-AA1D-6E8AB0FF7C6D}.Debug|x64.ActiveCfg = Debug|Any CPU
		{882FAE6E-E133-4741-AA1D-6E8AB0FF7C6D}.Debug|x64.Build.0 = Debug|Any CPU
		{882FAE6E-E133-4741-AA1D-6E8AB0FF7C6D}.Debug|x86.ActiveCfg = Debug|Any CPU
		{882FAE6E-E133-4741-AA1D-6E8AB0FF7C6D}.Debug|x86.Build.0 = Debug|Any CPU
		{882FAE6E-E133-4741-AA1D-6E8AB0FF7C6D}.Release|Any CPU.ActiveCfg = Release|Any CPU
		{882FAE6E-E133-4741-AA1D-6E8AB0FF7C6D}.Release|Any CPU.Build.0 = Release|Any CPU
		{882FAE6E-E133-4741-AA1D-6E8AB0FF7C6D}.Release|x64.ActiveCfg = Release|Any CPU
		{882FAE6E-E133-4741-AA1D-6E8AB0FF7C6D}.Release|x64.Build.0 = Release|Any CPU
		{882FAE6E-E133-4741-AA1D-6E8AB0FF7C6D}.Release|x86.ActiveCfg = Release|Any CPU
		{882FAE6E-E133-4741-AA1D-6E8AB0FF7C6D}.Release|x86.Build.0 = Release|Any CPU
		{CBADDEC3-A42C-4BB0-96A2-1EB7EB4BAFEC}.Debug|Any CPU.ActiveCfg = Debug|Any CPU
		{CBADDEC3-A42C-4BB0-96A2-1EB7EB4BAFEC}.Debug|Any CPU.Build.0 = Debug|Any CPU
		{CBADDEC3-A42C-4BB0-96A2-1EB7EB4BAFEC}.Debug|x64.ActiveCfg = Debug|Any CPU
		{CBADDEC3-A42C-4BB0-96A2-1EB7EB4BAFEC}.Debug|x64.Build.0 = Debug|Any CPU
		{CBADDEC3-A42C-4BB0-96A2-1EB7EB4BAFEC}.Debug|x86.ActiveCfg = Debug|Any CPU
		{CBADDEC3-A42C-4BB0-96A2-1EB7EB4BAFEC}.Debug|x86.Build.0 = Debug|Any CPU
		{CBADDEC3-A42C-4BB0-96A2-1EB7EB4BAFEC}.Release|Any CPU.ActiveCfg = Release|Any CPU
		{CBADDEC3-A42C-4BB0-96A2-1EB7EB4BAFEC}.Release|Any CPU.Build.0 = Release|Any CPU
		{CBADDEC3-A42C-4BB0-96A2-1EB7EB4BAFEC}.Release|x64.ActiveCfg = Release|Any CPU
		{CBADDEC3-A42C-4BB0-96A2-1EB7EB4BAFEC}.Release|x64.Build.0 = Release|Any CPU
		{CBADDEC3-A42C-4BB0-96A2-1EB7EB4BAFEC}.Release|x86.ActiveCfg = Release|Any CPU
		{CBADDEC3-A42C-4BB0-96A2-1EB7EB4BAFEC}.Release|x86.Build.0 = Release|Any CPU
	EndGlobalSection
	GlobalSection(SolutionProperties) = preSolution
		HideSolutionNode = FALSE
	EndGlobalSection
	GlobalSection(NestedProjects) = preSolution
		{882FAE6E-E133-4741-AA1D-6E8AB0FF7C6D} = {30630239-2431-4ACE-90A4-2DFD73FFB08F}
		{CBADDEC3-A42C-4BB0-96A2-1EB7EB4BAFEC} = {30630239-2431-4ACE-90A4-2DFD73FFB08F}
		{3A52233C-B00C-4589-A1DA-F0215BBD957A} = {55F97952-2BB1-4069-AD3E-DFBCF9E5F1D7}
		{689DC347-B079-4E99-B17D-60040D673A69} = {3A52233C-B00C-4589-A1DA-F0215BBD957A}
		{FF56CB56-4FEB-4769-92CB-87CC3F905701} = {3A52233C-B00C-4589-A1DA-F0215BBD957A}
	EndGlobalSection
	GlobalSection(ExtensibilityGlobals) = postSolution
		SolutionGuid = {50CA29F4-9931-47E3-95E1-5ABBCC8E434D}
	EndGlobalSection
EndGlobal
